%{
  "certifi": {:hex, :certifi, "2.5.1", "867ce347f7c7d78563450a18a6a28a8090331e77fa02380b4a21962a65d36ee5", [:rebar3], [{:parse_trans, "~>3.3", [hex: :parse_trans, repo: "hexpm", optional: false]}], "hexpm"},
  "combine": {:hex, :combine, "0.10.0", "eff8224eeb56498a2af13011d142c5e7997a80c8f5b97c499f84c841032e429f", [:mix], [], "hexpm"},
  "connection": {:hex, :connection, "1.0.4", "a1cae72211f0eef17705aaededacac3eb30e6625b04a6117c1b2db6ace7d5976", [:mix], [], "hexpm"},
  "cowboy": {:hex, :cowboy, "2.6.3", "99aa50e94e685557cad82e704457336a453d4abcb77839ad22dbe71f311fcc06", [:rebar3], [{:cowlib, "~> 2.7.3", [hex: :cowlib, repo: "hexpm", optional: false]}, {:ranch, "~> 1.7.1", [hex: :ranch, repo: "hexpm", optional: false]}], "hexpm"},
  "cowlib": {:hex, :cowlib, "2.7.3", "a7ffcd0917e6d50b4d5fb28e9e2085a0ceb3c97dea310505f7460ff5ed764ce9", [:rebar3], [], "hexpm"},
  "crontab": {:hex, :crontab, "1.1.6", "8cac1ee26e87b0079169fc7c8197d6e6f1b2bd33217befa7d9886b61f6550972", [:mix], [{:ecto, "~> 1.0 or ~> 2.0 or ~> 3.0", [hex: :ecto, repo: "hexpm", optional: true]}], "hexpm"},
  "db_connection": {:hex, :db_connection, "2.1.0", "122e2f62c4906bf2e49554f1e64db5030c19229aa40935f33088e7d543aa79d0", [:mix], [{:connection, "~> 1.0.2", [hex: :connection, repo: "hexpm", optional: false]}], "hexpm"},
  "decimal": {:hex, :decimal, "1.7.0", "30d6b52c88541f9a66637359ddf85016df9eb266170d53105f02e4a67e00c5aa", [:mix], [], "hexpm"},
  "ecto": {:hex, :ecto, "3.1.5", "07dfe89630857ea1a90fd5575c41b974696dae27071ac91bcbb7b769a15b66db", [:mix], [{:decimal, "~> 1.6", [hex: :decimal, repo: "hexpm", optional: false]}, {:jason, "~> 1.0", [hex: :jason, repo: "hexpm", optional: true]}], "hexpm"},
  "ecto_sql": {:hex, :ecto_sql, "3.1.4", "ac36c453542bae69e93a6882c8448743b2bb353cae3587910e5eb3aa8e96a52d", [:mix], [{:db_connection, "~> 2.0", [hex: :db_connection, repo: "hexpm", optional: false]}, {:ecto, "~> 3.1.0", [hex: :ecto, repo: "hexpm", optional: false]}, {:mariaex, "~> 0.9.1", [hex: :mariaex, repo: "hexpm", optional: true]}, {:myxql, "~> 0.2.0", [hex: :myxql, repo: "hexpm", optional: true]}, {:postgrex, "~> 0.14.0", [hex: :postgrex, repo: "hexpm", optional: true]}, {:telemetry, "~> 0.4.0", [hex: :telemetry, repo: "hexpm", optional: false]}], "hexpm"},
  "ex_machina": {:hex, :ex_machina, "2.3.0", "92a5ad0a8b10ea6314b876a99c8c9e3f25f4dde71a2a835845b136b9adaf199a", [:mix], [{:ecto, "~> 2.2 or ~> 3.0", [hex: :ecto, repo: "hexpm", optional: true]}, {:ecto_sql, "~> 3.0", [hex: :ecto_sql, repo: "hexpm", optional: true]}], "hexpm"},
  "file_system": {:hex, :file_system, "0.2.7", "e6f7f155970975789f26e77b8b8d8ab084c59844d8ecfaf58cbda31c494d14aa", [:mix], [], "hexpm"},
  "gen_smtp": {:hex, :gen_smtp, "0.14.0", "39846a03522456077c6429b4badfd1d55e5e7d0fdfb65e935b7c5e38549d9202", [:rebar3], [], "hexpm"},
  "gen_stage": {:hex, :gen_stage, "0.14.1", "9d46723fda072d4f4bb31a102560013f7960f5d80ea44dcb96fd6304ed61e7a4", [:mix], [], "hexpm"},
  "gen_state_machine": {:hex, :gen_state_machine, "2.0.5", "9ac15ec6e66acac994cc442dcc2c6f9796cf380ec4b08267223014be1c728a95", [:mix], [], "hexpm"},
  "gettext": {:hex, :gettext, "0.16.1", "e2130b25eebcbe02bb343b119a07ae2c7e28bd4b146c4a154da2ffb2b3507af2", [:mix], [], "hexpm"},
  "hackney": {:hex, :hackney, "1.12.1", "8bf2d0e11e722e533903fe126e14d6e7e94d9b7983ced595b75f532e04b7fdc7", [:rebar3], [{:certifi, "2.3.1", [hex: :certifi, repo: "hexpm", optional: false]}, {:idna, "5.1.1", [hex: :idna, repo: "hexpm", optional: false]}, {:metrics, "1.0.1", [hex: :metrics, repo: "hexpm", optional: false]}, {:mimerl, "1.0.2", [hex: :mimerl, repo: "hexpm", optional: false]}, {:ssl_verify_fun, "1.1.1", [hex: :ssl_verify_fun, repo: "hexpm", optional: false]}], "hexpm"},
  "httpoison": {:hex, :httpoison, "1.5.1", "0f55b5b673b03c5c327dac7015a67cb571b99b631acc0bc1b0b98dcd6b9f2104", [:mix], [{:hackney, "~> 1.8", [hex: :hackney, repo: "hexpm", optional: false]}], "hexpm"},
  "idna": {:hex, :idna, "5.1.1", "cbc3b2fa1645113267cc59c760bafa64b2ea0334635ef06dbac8801e42f7279c", [:rebar3], [{:unicode_util_compat, "0.3.1", [hex: :unicode_util_compat, repo: "hexpm", optional: false]}], "hexpm"},
  "jason": {:hex, :jason, "1.1.2", "b03dedea67a99223a2eaf9f1264ce37154564de899fd3d8b9a21b1a6fd64afe7", [:mix], [{:decimal, "~> 1.0", [hex: :decimal, repo: "hexpm", optional: true]}], "hexpm"},
  "libring": {:hex, :libring, "1.4.0", "41246ba2f3fbc76b3971f6bce83119dfec1eee17e977a48d8a9cfaaf58c2a8d6", [:mix], [], "hexpm"},
  "metrics": {:hex, :metrics, "1.0.1", "25f094dea2cda98213cecc3aeff09e940299d950904393b2a29d191c346a8486", [:rebar3], [], "hexpm"},
  "mime": {:hex, :mime, "1.3.1", "30ce04ab3175b6ad0bdce0035cba77bba68b813d523d1aac73d9781b4d193cf8", [:mix], [], "hexpm"},
  "mimerl": {:hex, :mimerl, "1.0.2", "993f9b0e084083405ed8252b99460c4f0563e41729ab42d9074fd5e52439be88", [:rebar3], [], "hexpm"},
  "navigation_history": {:hex, :navigation_history, "0.2.2", "c53a4e2867d1a3ff1a1db21974322ea13409dcb72352f07e9d40729d27ad45df", [:mix], [{:plug, "~> 1.1", [hex: :plug, repo: "hexpm", optional: false]}], "hexpm"},
  "oauther": {:hex, :oauther, "1.1.1", "7d8b16167bb587ecbcddd3f8792beb9ec3e7b65c1f8ebd86b8dd25318d535752", [:mix], [], "hexpm"},
  "parse_trans": {:hex, :parse_trans, "3.3.0", "09765507a3c7590a784615cfd421d101aec25098d50b89d7aa1d66646bc571c1", [:rebar3], [], "hexpm"},
  "phoenix": {:hex, :phoenix, "1.4.6", "8535f4a01291f0fbc2c30c78c4ca6a2eacc148db5178ad76e8b2fc976c590115", [:mix], [{:jason, "~> 1.0", [hex: :jason, repo: "hexpm", optional: true]}, {:phoenix_pubsub, "~> 1.1", [hex: :phoenix_pubsub, repo: "hexpm", optional: false]}, {:plug, "~> 1.7", [hex: :plug, repo: "hexpm", optional: false]}, {:plug_cowboy, "~> 1.0 or ~> 2.0", [hex: :plug_cowboy, repo: "hexpm", optional: true]}], "hexpm"},
  "phoenix_ecto": {:hex, :phoenix_ecto, "4.0.0", "c43117a136e7399ea04ecaac73f8f23ee0ffe3e07acfcb8062fe5f4c9f0f6531", [:mix], [{:ecto, "~> 3.0", [hex: :ecto, repo: "hexpm", optional: false]}, {:phoenix_html, "~> 2.9", [hex: :phoenix_html, repo: "hexpm", optional: true]}, {:plug, "~> 1.0", [hex: :plug, repo: "hexpm", optional: false]}], "hexpm"},
  "phoenix_html": {:hex, :phoenix_html, "2.13.3", "850e292ff6e204257f5f9c4c54a8cb1f6fbc16ed53d360c2b780a3d0ba333867", [:mix], [{:plug, "~> 1.5", [hex: :plug, repo: "hexpm", optional: false]}], "hexpm"},
  "phoenix_live_reload": {:hex, :phoenix_live_reload, "1.2.1", "274a4b07c4adbdd7785d45a8b0bb57634d0b4f45b18d2c508b26c0344bd59b8f", [:mix], [{:file_system, "~> 0.2.1 or ~> 0.3", [hex: :file_system, repo: "hexpm", optional: false]}, {:phoenix, "~> 1.4", [hex: :phoenix, repo: "hexpm", optional: false]}], "hexpm"},
  "phoenix_pubsub": {:hex, :phoenix_pubsub, "1.1.2", "496c303bdf1b2e98a9d26e89af5bba3ab487ba3a3735f74bf1f4064d2a845a3e", [:mix], [], "hexpm"},
  "phoenix_swoosh": {:hex, :phoenix_swoosh, "0.2.0", "a7e0b32077cd6d2323ae15198839b05d9caddfa20663fd85787479e81f89520e", [:mix], [{:phoenix, "~> 1.0", [hex: :phoenix, repo: "hexpm", optional: false]}, {:phoenix_html, "~> 2.2", [hex: :phoenix_html, repo: "hexpm", optional: false]}, {:swoosh, "~> 0.1", [hex: :swoosh, repo: "hexpm", optional: false]}], "hexpm"},
  "plug": {:hex, :plug, "1.8.2", "0bcce1daa420f189a6491f3940cc77ea7fb1919761175c9c3b59800d897440fc", [:mix], [{:mime, "~> 1.0", [hex: :mime, repo: "hexpm", optional: false]}, {:plug_crypto, "~> 1.0", [hex: :plug_crypto, repo: "hexpm", optional: false]}, {:telemetry, "~> 0.4", [hex: :telemetry, repo: "hexpm", optional: true]}], "hexpm"},
  "plug_cowboy": {:hex, :plug_cowboy, "2.0.2", "6055f16868cc4882b24b6e1d63d2bada94fb4978413377a3b32ac16c18dffba2", [:mix], [{:cowboy, "~> 2.5", [hex: :cowboy, repo: "hexpm", optional: false]}, {:plug, "~> 1.7", [hex: :plug, repo: "hexpm", optional: false]}], "hexpm"},
  "plug_crypto": {:hex, :plug_crypto, "1.0.0", "18e49317d3fa343f24620ed22795ec29d4a5e602d52d1513ccea0b07d8ea7d4d", [:mix], [], "hexpm"},
  "poison": {:hex, :poison, "3.1.0", "d9eb636610e096f86f25d9a46f35a9facac35609a7591b3be3326e99a0484665", [:mix], [], "hexpm"},
  "postgrex": {:hex, :postgrex, "0.14.3", "5754dee2fdf6e9e508cbf49ab138df964278700b764177e8f3871e658b345a1e", [:mix], [{:connection, "~> 1.0", [hex: :connection, repo: "hexpm", optional: false]}, {:db_connection, "~> 2.0", [hex: :db_connection, repo: "hexpm", optional: false]}, {:decimal, "~> 1.5", [hex: :decimal, repo: "hexpm", optional: false]}, {:jason, "~> 1.0", [hex: :jason, repo: "hexpm", optional: true]}], "hexpm"},
  "pow": {:hex, :pow, "1.0.10", "37e4fafca17decb3d75c78a38e90dbc92476f608a779d2f3daea17f426a336e8", [:mix], [{:ecto, "~> 2.2 or ~> 3.0", [hex: :ecto, repo: "hexpm", optional: false]}, {:phoenix, "~> 1.3.0 or ~> 1.4.0", [hex: :phoenix, repo: "hexpm", optional: false]}, {:phoenix_html, ">= 2.0.0 and <= 3.0.0", [hex: :phoenix_html, repo: "hexpm", optional: false]}, {:plug, ">= 1.5.0 and < 2.0.0", [hex: :plug, repo: "hexpm", optional: true]}], "hexpm"},
  "pow_assent": {:hex, :pow_assent, "0.2.4", "d345db7580aa062a170f4693c3be4e9c774b0daa84f50bd25e8a177b94ce070a", [:mix], [{:castore, "~> 0.1.0", [hex: :castore, repo: "hexpm", optional: true]}, {:certifi, ">= 0.0.0", [hex: :certifi, repo: "hexpm", optional: true]}, {:ecto, "~> 2.2 or ~> 3.0", [hex: :ecto, repo: "hexpm", optional: false]}, {:mint, "~> 0.1.0", [hex: :mint, repo: "hexpm", optional: true]}, {:oauther, "~> 1.1", [hex: :oauther, repo: "hexpm", optional: false]}, {:phoenix, "~> 1.3.0 or ~> 1.4.0", [hex: :phoenix, repo: "hexpm", optional: false]}, {:phoenix_ecto, ">= 3.0.0 and <= 4.0.0", [hex: :phoenix_ecto, repo: "hexpm", optional: false]}, {:phoenix_html, ">= 2.0.0 and <= 3.0.0", [hex: :phoenix_html, repo: "hexpm", optional: false]}, {:plug, ">= 1.5.0 and < 2.0.0", [hex: :plug, repo: "hexpm", optional: true]}, {:pow, "~> 1.0.5", [hex: :pow, repo: "hexpm", optional: false]}, {:ssl_verify_fun, ">= 0.0.0", [hex: :ssl_verify_fun, repo: "hexpm", optional: true]}], "hexpm"},
  "quantum": {:hex, :quantum, "2.3.4", "72a0e8855e2adc101459eac8454787cb74ab4169de6ca50f670e72142d4960e9", [:mix], [{:calendar, "~> 0.17", [hex: :calendar, repo: "hexpm", optional: true]}, {:crontab, "~> 1.1", [hex: :crontab, repo: "hexpm", optional: false]}, {:gen_stage, "~> 0.12", [hex: :gen_stage, repo: "hexpm", optional: false]}, {:swarm, "~> 3.3", [hex: :swarm, repo: "hexpm", optional: false]}, {:timex, "~> 3.1", [hex: :timex, repo: "hexpm", optional: true]}], "hexpm"},
  "ranch": {:hex, :ranch, "1.7.1", "6b1fab51b49196860b733a49c07604465a47bdb78aa10c1c16a3d199f7f8c881", [:rebar3], [], "hexpm"},
  "recaptcha": {:hex, :recaptcha, "2.3.0", "de5ffca969c98407c954492ba042c59ebea4241f08fb482cb146e195fc7c52fc", [:mix], [{:httpoison, ">= 0.12.0", [hex: :httpoison, repo: "hexpm", optional: false]}, {:poison, "~> 3.1.0 or ~> 2.2.0 or ~> 1.5.2", [hex: :poison, repo: "hexpm", optional: false]}], "hexpm"},
<<<<<<< HEAD
  "scrivener": {:hex, :scrivener, "2.7.0", "fa94cdea21fad0649921d8066b1833d18d296217bfdf4a5389a2f45ee857b773", [:mix], [], "hexpm"},
  "scrivener_ecto": {:hex, :scrivener_ecto, "2.1.1", "686dbdbbdf27219120a1a0c4b9215a512f666cb47b42e5009ea5e5322ce8fb93", [:mix], [{:ecto, "~> 3.0", [hex: :ecto, repo: "hexpm", optional: false]}, {:scrivener, "~> 2.4", [hex: :scrivener, repo: "hexpm", optional: false]}], "hexpm"},
  "simplehttp": {:hex, :simplehttp, "0.5.1", "103d027c50398b1e2cf26329cd78d8cf55211c17d19e0bb258a7987fe8df3584", [:mix], [], "hexpm"},
=======
>>>>>>> production
  "sitemap": {:hex, :sitemap, "1.1.0", "23a019cccef7c17090d0b493354ee47a94549db64fd1cf39bda7eb41c567729c", [:mix], [{:xml_builder, ">= 0.0.0", [hex: :xml_builder, repo: "hexpm", optional: false]}], "hexpm"},
  "ssl_verify_fun": {:hex, :ssl_verify_fun, "1.1.1", "28a4d65b7f59893bc2c7de786dec1e1555bd742d336043fe644ae956c3497fbe", [:make, :rebar], [], "hexpm"},
  "stripity_stripe": {:hex, :stripity_stripe, "2.0.0", "0525f29fbb24142f93f91abde63ca7904345b528b6026bcac91fcb61b02160fb", [:mix], [{:hackney, "~> 1.12.1", [hex: :hackney, repo: "hexpm", optional: false]}, {:poison, "~> 2.0 or ~> 3.0", [hex: :poison, repo: "hexpm", optional: false]}, {:uri_query, "~> 0.1.2", [hex: :uri_query, repo: "hexpm", optional: false]}], "hexpm"},
  "swarm": {:hex, :swarm, "3.4.0", "64f8b30055d74640d2186c66354b33b999438692a91be275bb89cdc7e401f448", [:mix], [{:gen_state_machine, "~> 2.0", [hex: :gen_state_machine, repo: "hexpm", optional: false]}, {:libring, "~> 1.0", [hex: :libring, repo: "hexpm", optional: false]}], "hexpm"},
  "swoosh": {:hex, :swoosh, "0.21.0", "63eaca41e7e2a62059e67f20ba61efea193ebb87c83318749b848ff9fac9b38d", [:mix], [{:cowboy, "~> 1.0.1 or ~> 1.1 or ~> 2.4", [hex: :cowboy, repo: "hexpm", optional: true]}, {:gen_smtp, "~> 0.12", [hex: :gen_smtp, repo: "hexpm", optional: true]}, {:hackney, "~> 1.9", [hex: :hackney, repo: "hexpm", optional: false]}, {:jason, "~> 1.0", [hex: :jason, repo: "hexpm", optional: false]}, {:mime, "~> 1.1", [hex: :mime, repo: "hexpm", optional: false]}, {:plug, "~> 1.4", [hex: :plug, repo: "hexpm", optional: true]}], "hexpm"},
  "telemetry": {:hex, :telemetry, "0.4.0", "8339bee3fa8b91cb84d14c2935f8ecf399ccd87301ad6da6b71c09553834b2ab", [:rebar3], [], "hexpm"},
  "tesla": {:hex, :tesla, "1.2.1", "864783cc27f71dd8c8969163704752476cec0f3a51eb3b06393b3971dc9733ff", [:mix], [{:exjsx, ">= 3.0.0", [hex: :exjsx, repo: "hexpm", optional: true]}, {:fuse, "~> 2.4", [hex: :fuse, repo: "hexpm", optional: true]}, {:hackney, "~> 1.6", [hex: :hackney, repo: "hexpm", optional: true]}, {:ibrowse, "~> 4.4.0", [hex: :ibrowse, repo: "hexpm", optional: true]}, {:jason, ">= 1.0.0", [hex: :jason, repo: "hexpm", optional: true]}, {:mime, "~> 1.0", [hex: :mime, repo: "hexpm", optional: false]}, {:poison, ">= 1.0.0", [hex: :poison, repo: "hexpm", optional: true]}], "hexpm"},
  "timex": {:hex, :timex, "3.5.0", "b0a23167da02d0fe4f1a4e104d1f929a00d348502b52432c05de875d0b9cffa5", [:mix], [{:combine, "~> 0.10", [hex: :combine, repo: "hexpm", optional: false]}, {:gettext, "~> 0.10", [hex: :gettext, repo: "hexpm", optional: false]}, {:tzdata, "~> 0.1.8 or ~> 0.5", [hex: :tzdata, repo: "hexpm", optional: false]}], "hexpm"},
  "tzdata": {:hex, :tzdata, "0.5.20", "304b9e98a02840fb32a43ec111ffbe517863c8566eb04a061f1c4dbb90b4d84c", [:mix], [{:hackney, "~> 1.0", [hex: :hackney, repo: "hexpm", optional: false]}], "hexpm"},
  "unicode_util_compat": {:hex, :unicode_util_compat, "0.3.1", "a1f612a7b512638634a603c8f401892afbf99b8ce93a45041f8aaca99cadb85e", [:rebar3], [], "hexpm"},
  "uri_query": {:hex, :uri_query, "0.1.2", "ae35b83b472f3568c2c159eee3f3ccf585375d8a94fb5382db1ea3589e75c3b4", [:mix], [], "hexpm"},
  "xml_builder": {:hex, :xml_builder, "2.1.1", "2d6d665f09cf1319e3e1c46035755271b414d99ad8615d0bd6f337623e0c885b", [:mix], [], "hexpm"},
}
